
Microsoft Visual Studio Solution File, Format Version 12.00
# Visual Studio Version 16
VisualStudioVersion = 16.0.30225.117
MinimumVisualStudioVersion = 10.0.40219.1
Project("{9A19103F-16F7-4668-BE54-9A1E7A4F7556}") = "coordinatesFile", "coordinates\coordinatesFile.csproj", "{585BEE90-BEC4-482A-AFB7-2F49C9F78277}"
EndProject
Project("{9A19103F-16F7-4668-BE54-9A1E7A4F7556}") = "coordinatesApp", "coordinatesApp\coordinatesApp.csproj", "{E82370AF-103D-4F6E-B1AD-4C4A847FC527}"
EndProject
Project("{FAE04EC0-301F-11D3-BF4B-00C04F79EFBC}") = "coordinatesConsole", "coordinatesConsole\coordinatesConsole.csproj", "{B0E590DC-6775-40FF-B14A-2699DE169B12}"
EndProject
Global
	GlobalSection(SolutionConfigurationPlatforms) = preSolution
		Debug|Any CPU = Debug|Any CPU
		Release|Any CPU = Release|Any CPU
	EndGlobalSection
	GlobalSection(ProjectConfigurationPlatforms) = postSolution
		{585BEE90-BEC4-482A-AFB7-2F49C9F78277}.Debug|Any CPU.ActiveCfg = Debug|Any CPU
		{585BEE90-BEC4-482A-AFB7-2F49C9F78277}.Debug|Any CPU.Build.0 = Debug|Any CPU
		{585BEE90-BEC4-482A-AFB7-2F49C9F78277}.Release|Any CPU.ActiveCfg = Release|Any CPU
		{585BEE90-BEC4-482A-AFB7-2F49C9F78277}.Release|Any CPU.Build.0 = Release|Any CPU
		{E82370AF-103D-4F6E-B1AD-4C4A847FC527}.Debug|Any CPU.ActiveCfg = Debug|Any CPU
		{E82370AF-103D-4F6E-B1AD-4C4A847FC527}.Debug|Any CPU.Build.0 = Debug|Any CPU
		{E82370AF-103D-4F6E-B1AD-4C4A847FC527}.Release|Any CPU.ActiveCfg = Release|Any CPU
		{E82370AF-103D-4F6E-B1AD-4C4A847FC527}.Release|Any CPU.Build.0 = Release|Any CPU
		{B0E590DC-6775-40FF-B14A-2699DE169B12}.Debug|Any CPU.ActiveCfg = Debug|Any CPU
		{B0E590DC-6775-40FF-B14A-2699DE169B12}.Debug|Any CPU.Build.0 = Debug|Any CPU
		{B0E590DC-6775-40FF-B14A-2699DE169B12}.Release|Any CPU.ActiveCfg = Release|Any CPU
		{B0E590DC-6775-40FF-B14A-2699DE169B12}.Release|Any CPU.Build.0 = Release|Any CPU
	EndGlobalSection
	GlobalSection(SolutionProperties) = preSolution
		HideSolutionNode = FALSE
	EndGlobalSection
	GlobalSection(ExtensibilityGlobals) = postSolution
		SolutionGuid = {F5A741BF-0AA3-4CE3-99C2-FB3CD179721F}
	EndGlobalSection
EndGlobal
