
Microsoft Visual Studio Solution File, Format Version 12.00
# Visual Studio Version 16
VisualStudioVersion = 16.0.30225.117
MinimumVisualStudioVersion = 10.0.40219.1
Project("{FAE04EC0-301F-11D3-BF4B-00C04F79EFBC}") = "GarbageCollector", "GarbageCollector.csproj", "{69C87B58-78AC-461F-AAD9-56C932A43E16}"
EndProject
Global
	GlobalSection(SolutionConfigurationPlatforms) = preSolution
		Debug|Any CPU = Debug|Any CPU
		Release|Any CPU = Release|Any CPU
	EndGlobalSection
	GlobalSection(ProjectConfigurationPlatforms) = postSolution
		{69C87B58-78AC-461F-AAD9-56C932A43E16}.Debug|Any CPU.ActiveCfg = Debug|Any CPU
		{69C87B58-78AC-461F-AAD9-56C932A43E16}.Debug|Any CPU.Build.0 = Debug|Any CPU
		{69C87B58-78AC-461F-AAD9-56C932A43E16}.Release|Any CPU.ActiveCfg = Release|Any CPU
		{69C87B58-78AC-461F-AAD9-56C932A43E16}.Release|Any CPU.Build.0 = Release|Any CPU
	EndGlobalSection
	GlobalSection(SolutionProperties) = preSolution
		HideSolutionNode = FALSE
	EndGlobalSection
	GlobalSection(ExtensibilityGlobals) = postSolution
		SolutionGuid = {08D4767F-37B7-4981-8191-1339EE42FCAC}
	EndGlobalSection
EndGlobal
